{"version":4,"terraform_version":"1.10.9","serial":10,"lineage":"a35fb2ae-d563-250b-3616-3025d31f58aa","outputs":{},"resources":[{"mode":"data","type":"homeassistant_devices","name":"kitchen_sonoff","provider":"provider[\"registry.opentofu.org/fabianoshz/home-assistant\"]","instances":[{"schema_version":0,"attributes":{"devices":[{"area_id":null,"connections":[{"type":"mac","value":"e4:65:b8:cf:5d:98"}],"disabled_by":null,"entities":[{"area_id":null,"disabled":false,"disabled_by":null,"entity_id":"number.sonoff_tx_ultimate_cf5d98_touch_event_duration","icon":null,"name":null,"original_name":"Touch event duration","platform":"esphome"},{"area_id":null,"disabled":false,"disabled_by":null,"entity_id":"number.sonoff_tx_ultimate_cf5d98_button_multi_click_delay","icon":null,"name":null,"original_name":"Button multi-click delay","platform":"esphome"},{"area_id":null,"disabled":false,"disabled_by":null,"entity_id":"number.sonoff_tx_ultimate_cf5d98_vibrate_duration","icon":null,"name":null,"original_name":"Vibrate duration","platform":"esphome"},{"area_id":null,"disabled":true,"disabled_by":"integration","entity_id":"number.sonoff_tx_ultimate_cf5d98_speaker_volume","icon":null,"name":null,"original_name":"Speaker Volume","platform":"esphome"},{"area_id":null,"disabled":false,"disabled_by":null,"entity_id":"switch.sonoff_tx_ultimate_cf5d98_touch_panel_power","icon":null,"name":null,"original_name":"Touch panel - Power","platform":"esphome"},{"area_id":null,"disabled":false,"disabled_by":null,"entity_id":"switch.sonoff_tx_ultimate_cf5d98_relay_1","icon":null,"name":null,"original_name":"Relay 1","platform":"esphome"},{"area_id":null,"disabled":false,"disabled_by":null,"entity_id":"switch.sonoff_tx_ultimate_cf5d98_relay_2","icon":null,"name":null,"original_name":"Relay 2","platform":"esphome"},{"area_id":null,"disabled":false,"disabled_by":null,"entity_id":"sensor.sonoff_tx_ultimate_cf5d98_tx_ultimate_easy_firmware_version","icon":null,"name":null,"original_name":"TX Ultimate Easy Firmware Version","platform":"esphome"},{"area_id":null,"disabled":false,"disabled_by":null,"entity_id":"sensor.sonoff_tx_ultimate_cf5d98_device_name","icon":null,"name":null,"original_name":"Device Name","platform":"esphome"},{"area_id":null,"disabled":false,"disabled_by":null,"entity_id":"select.sonoff_tx_ultimate_cf5d98_button_1_action","icon":null,"name":null,"original_name":"Button 1 action","platform":"esphome"},{"area_id":null,"disabled":false,"disabled_by":null,"entity_id":"select.sonoff_tx_ultimate_cf5d98_button_2_action","icon":null,"name":null,"original_name":"Button 2 action","platform":"esphome"},{"area_id":null,"disabled":false,"disabled_by":null,"entity_id":"select.sonoff_tx_ultimate_cf5d98_relay_1_light_mode","icon":null,"name":null,"original_name":"Relay 1 light mode","platform":"esphome"},{"area_id":null,"disabled":false,"disabled_by":null,"entity_id":"select.sonoff_tx_ultimate_cf5d98_relay_1_display_mode","icon":null,"name":null,"original_name":"Relay 1 display mode","platform":"esphome"},{"area_id":null,"disabled":false,"disabled_by":null,"entity_id":"select.sonoff_tx_ultimate_cf5d98_relay_2_light_mode","icon":null,"name":null,"original_name":"Relay 2 light mode","platform":"esphome"},{"area_id":null,"disabled":false,"disabled_by":null,"entity_id":"select.sonoff_tx_ultimate_cf5d98_relay_2_display_mode","icon":null,"name":null,"original_name":"Relay 2 display mode","platform":"esphome"},{"area_id":null,"disabled":false,"disabled_by":null,"entity_id":"select.sonoff_tx_ultimate_cf5d98_touch_vibration_feedback","icon":null,"name":null,"original_name":"Touch - Vibration feedback","platform":"esphome"},{"area_id":null,"disabled":false,"disabled_by":null,"entity_id":"select.sonoff_tx_ultimate_cf5d98_touch_speaker_feedback","icon":null,"name":null,"original_name":"Touch - Speaker feedback","platform":"esphome"},{"area_id":null,"disabled":false,"disabled_by":null,"entity_id":"binary_sensor.sonoff_tx_ultimate_cf5d98_pending_restart_status","icon":null,"name":null,"original_name":"Pending Restart Status","platform":"esphome"},{"area_id":null,"disabled":false,"disabled_by":null,"entity_id":"binary_sensor.sonoff_tx_ultimate_cf5d98_boot_completed","icon":null,"name":null,"original_name":"Boot Completed","platform":"esphome"},{"area_id":null,"disabled":false,"disabled_by":null,"entity_id":"binary_sensor.sonoff_tx_ultimate_cf5d98_button_2","icon":null,"name":null,"original_name":"Button 2","platform":"esphome"},{"area_id":null,"disabled":false,"disabled_by":null,"entity_id":"binary_sensor.sonoff_tx_ultimate_cf5d98_button_1","icon":null,"name":null,"original_name":"Button 1","platform":"esphome"},{"area_id":null,"disabled":true,"disabled_by":"integration","entity_id":"binary_sensor.sonoff_tx_ultimate_cf5d98_button_1_click_event","icon":null,"name":null,"original_name":"Button 1 - Click event","platform":"esphome"},{"area_id":null,"disabled":true,"disabled_by":"integration","entity_id":"binary_sensor.sonoff_tx_ultimate_cf5d98_button_2_click_event","icon":null,"name":null,"original_name":"Button 2 - Click event","platform":"esphome"},{"area_id":null,"disabled":true,"disabled_by":"integration","entity_id":"binary_sensor.sonoff_tx_ultimate_cf5d98_button_1_double_click_event","icon":null,"name":null,"original_name":"Button 1 - Double-click event","platform":"esphome"},{"area_id":null,"disabled":true,"disabled_by":"integration","entity_id":"binary_sensor.sonoff_tx_ultimate_cf5d98_button_2_double_click_event","icon":null,"name":null,"original_name":"Button 2 - Double-click event","platform":"esphome"},{"area_id":null,"disabled":true,"disabled_by":"integration","entity_id":"binary_sensor.sonoff_tx_ultimate_cf5d98_button_1_long_press_event","icon":null,"name":null,"original_name":"Button 1 - Long-press event","platform":"esphome"},{"area_id":null,"disabled":true,"disabled_by":"integration","entity_id":"binary_sensor.sonoff_tx_ultimate_cf5d98_button_2_long_press_event","icon":null,"name":null,"original_name":"Button 2 - Long-press event","platform":"esphome"},{"area_id":null,"disabled":true,"disabled_by":"integration","entity_id":"binary_sensor.sonoff_tx_ultimate_cf5d98_multi_touch_event","icon":null,"name":null,"original_name":"Multi-touch event","platform":"esphome"},{"area_id":null,"disabled":true,"disabled_by":"integration","entity_id":"binary_sensor.sonoff_tx_ultimate_cf5d98_swipe_down_event","icon":null,"name":null,"original_name":"Swipe-down event","platform":"esphome"},{"area_id":null,"disabled":true,"disabled_by":"integration","entity_id":"binary_sensor.sonoff_tx_ultimate_cf5d98_swipe_up_event","icon":null,"name":null,"original_name":"Swipe up event","platform":"esphome"},{"area_id":null,"disabled":false,"disabled_by":null,"entity_id":"binary_sensor.sonoff_tx_ultimate_cf5d98_vibrating","icon":null,"name":null,"original_name":"Vibrating","platform":"esphome"},{"area_id":null,"disabled":false,"disabled_by":null,"entity_id":"button.sonoff_tx_ultimate_cf5d98_restart","icon":null,"name":null,"original_name":"Restart","platform":"esphome"},{"area_id":null,"disabled":false,"disabled_by":null,"entity_id":"button.sonoff_tx_ultimate_cf5d98_vibrate","icon":null,"name":null,"original_name":"Vibrate","platform":"esphome"},{"area_id":null,"disabled":false,"disabled_by":null,"entity_id":"media_player.sonoff_tx_ultimate_cf5d98_media_player","icon":null,"name":null,"original_name":"Media Player","platform":"esphome"},{"area_id":null,"disabled":false,"disabled_by":null,"entity_id":"light.sonoff_tx_ultimate_cf5d98_lights_all","icon":null,"name":null,"original_name":"Lights (all)","platform":"esphome"},{"area_id":null,"disabled":true,"disabled_by":"integration","entity_id":"light.sonoff_tx_ultimate_cf5d98_light_bottom","icon":null,"name":null,"original_name":"Light - Bottom","platform":"esphome"},{"area_id":null,"disabled":true,"disabled_by":"integration","entity_id":"light.sonoff_tx_ultimate_cf5d98_light_left","icon":null,"name":null,"original_name":"Light - Left","platform":"esphome"},{"area_id":null,"disabled":true,"disabled_by":"integration","entity_id":"light.sonoff_tx_ultimate_cf5d98_light_right","icon":null,"name":null,"original_name":"Light - Right","platform":"esphome"},{"area_id":null,"disabled":true,"disabled_by":"integration","entity_id":"light.sonoff_tx_ultimate_cf5d98_light_top","icon":null,"name":null,"original_name":"Light - Top","platform":"esphome"},{"area_id":null,"disabled":false,"disabled_by":null,"entity_id":"light.sonoff_tx_ultimate_cf5d98_light_relay_1_of_2_left","icon":null,"name":null,"original_name":"Light - Relay 1 of 2 (Left)","platform":"esphome"},{"area_id":null,"disabled":false,"disabled_by":null,"entity_id":"light.sonoff_tx_ultimate_cf5d98_light_relay_1_of_2_right","icon":null,"name":null,"original_name":"Light - Relay 1 of 2 (Right)","platform":"esphome"},{"area_id":null,"disabled":false,"disabled_by":null,"entity_id":"light.sonoff_tx_ultimate_cf5d98_light_relay_2_of_2_left","icon":null,"name":null,"original_name":"Light - Relay 2 of 2 (Left)","platform":"esphome"},{"area_id":null,"disabled":false,"disabled_by":null,"entity_id":"light.sonoff_tx_ultimate_cf5d98_light_relay_2_of_2_right","icon":null,"name":null,"original_name":"Light - Relay 2 of 2 (Right)","platform":"esphome"}],"hw_version":null,"id":"966a97275768cb853fd307eb859df942","identifiers":[],"manufacturer":"edwardtfn","model":"tx_ultimate_easy","name":"Sonoff TX ultimate (cf5d98)","name_by_user":null,"serial_number":null}],"filter":{"source":"connections","type":"mac","value":"e4:65:b8:cf:5d:98"},"hide_disabled_entities":null},"sensitive_attributes":[]}]},{"mode":"managed","type":"homeassistant_area","name":"kitchen_2","provider":"provider[\"registry.opentofu.org/fabianoshz/home-assistant\"]","instances":[{"schema_version":0,"attributes":{"area_id":"kitchen_2","icon":"mdi:countertop","id":"kitchen_2","name":"Kitchen 2"},"sensitive_attributes":[]}]},{"mode":"managed","type":"homeassistant_device","name":"kitchen_sonoff","provider":"provider[\"registry.opentofu.org/fabianoshz/home-assistant\"]","instances":[{"schema_version":0,"attributes":{"area_id":"kitchen_2","device_id":"966a97275768cb853fd307eb859df942","disabled":false,"id":"966a97275768cb853fd307eb859df942","name_by_user":null},"sensitive_attributes":[],"dependencies":["data.homeassistant_devices.kitchen_sonoff","homeassistant_area.kitchen_2"]}]}],"check_results":null}
